
Microsoft Visual Studio Solution File, Format Version 12.00
# Visual Studio Version 17
VisualStudioVersion = 17.4.33213.308
MinimumVisualStudioVersion = 10.0.40219.1
Project("{FAE04EC0-301F-11D3-BF4B-00C04F79EFBC}") = "BlazorDemoUI", "BlazorDemoUI\BlazorDemoUI.csproj", "{27D6CDF1-22FD-4B60-BD75-DC4D71E0584A}"
EndProject
Project("{FAE04EC0-301F-11D3-BF4B-00C04F79EFBC}") = "DataAccessLibrary", "DataAccessLibrary\DataAccessLibrary.csproj", "{265FB054-06A1-4006-8271-2745A5A1883E}"
EndProject
Global
	GlobalSection(SolutionConfigurationPlatforms) = preSolution
		Debug|Any CPU = Debug|Any CPU
		Release|Any CPU = Release|Any CPU
	EndGlobalSection
	GlobalSection(ProjectConfigurationPlatforms) = postSolution
		{27D6CDF1-22FD-4B60-BD75-DC4D71E0584A}.Debug|Any CPU.ActiveCfg = Debug|Any CPU
		{27D6CDF1-22FD-4B60-BD75-DC4D71E0584A}.Debug|Any CPU.Build.0 = Debug|Any CPU
		{27D6CDF1-22FD-4B60-BD75-DC4D71E0584A}.Release|Any CPU.ActiveCfg = Release|Any CPU
		{27D6CDF1-22FD-4B60-BD75-DC4D71E0584A}.Release|Any CPU.Build.0 = Release|Any CPU
		{265FB054-06A1-4006-8271-2745A5A1883E}.Debug|Any CPU.ActiveCfg = Debug|Any CPU
		{265FB054-06A1-4006-8271-2745A5A1883E}.Debug|Any CPU.Build.0 = Debug|Any CPU
		{265FB054-06A1-4006-8271-2745A5A1883E}.Release|Any CPU.ActiveCfg = Release|Any CPU
		{265FB054-06A1-4006-8271-2745A5A1883E}.Release|Any CPU.Build.0 = Release|Any CPU
	EndGlobalSection
	GlobalSection(SolutionProperties) = preSolution
		HideSolutionNode = FALSE
	EndGlobalSection
	GlobalSection(ExtensibilityGlobals) = postSolution
		SolutionGuid = {5BDE179C-C34A-4654-8063-808EF012C34A}
	EndGlobalSection
EndGlobal
